// !$*UTF8*$!
{
	archiveVersion = 1;
	classes = {
	};
	objectVersion = 46;
	objects = {

/* Begin PBXBuildFile section */
		368481174653F0C36F96465F /* Pods_MApprio.framework in Frameworks */ = {isa = PBXBuildFile; fileRef = 01668AD272428E7E96AAD3BA /* Pods_MApprio.framework */; };
		507F305082325596813C74DF /* Pods_MApprioTests.framework in Frameworks */ = {isa = PBXBuildFile; fileRef = 4E306452CEF9AFD30E58909A /* Pods_MApprioTests.framework */; };
		8F04F39E61F07FBE8444D18A /* Pods_MApprioUITests.framework in Frameworks */ = {isa = PBXBuildFile; fileRef = F393F27FCCF9C4D760539ABC /* Pods_MApprioUITests.framework */; };
		AC2B92781E3A0C7900E0B5E8 /* AppDelegate.swift in Sources */ = {isa = PBXBuildFile; fileRef = AC2B92771E3A0C7900E0B5E8 /* AppDelegate.swift */; };
		AC2B927A1E3A0C7900E0B5E8 /* ViewController.swift in Sources */ = {isa = PBXBuildFile; fileRef = AC2B92791E3A0C7900E0B5E8 /* ViewController.swift */; };
		AC2B927D1E3A0C7900E0B5E8 /* Main.storyboard in Resources */ = {isa = PBXBuildFile; fileRef = AC2B927B1E3A0C7900E0B5E8 /* Main.storyboard */; };
		AC2B927F1E3A0C7900E0B5E8 /* Assets.xcassets in Resources */ = {isa = PBXBuildFile; fileRef = AC2B927E1E3A0C7900E0B5E8 /* Assets.xcassets */; };
		AC2B92821E3A0C7900E0B5E8 /* LaunchScreen.storyboard in Resources */ = {isa = PBXBuildFile; fileRef = AC2B92801E3A0C7900E0B5E8 /* LaunchScreen.storyboard */; };
		AC2B928D1E3A0C7900E0B5E8 /* MApprioTests.swift in Sources */ = {isa = PBXBuildFile; fileRef = AC2B928C1E3A0C7900E0B5E8 /* MApprioTests.swift */; };
		AC2B92981E3A0C7900E0B5E8 /* MApprioUITests.swift in Sources */ = {isa = PBXBuildFile; fileRef = AC2B92971E3A0C7900E0B5E8 /* MApprioUITests.swift */; };
/* End PBXBuildFile section */

/* Begin PBXContainerItemProxy section */
		AC2B92891E3A0C7900E0B5E8 /* PBXContainerItemProxy */ = {
			isa = PBXContainerItemProxy;
			containerPortal = AC2B926C1E3A0C7900E0B5E8 /* Project object */;
			proxyType = 1;
			remoteGlobalIDString = AC2B92731E3A0C7900E0B5E8;
			remoteInfo = MApprio;
		};
		AC2B92941E3A0C7900E0B5E8 /* PBXContainerItemProxy */ = {
			isa = PBXContainerItemProxy;
			containerPortal = AC2B926C1E3A0C7900E0B5E8 /* Project object */;
			proxyType = 1;
			remoteGlobalIDString = AC2B92731E3A0C7900E0B5E8;
			remoteInfo = MApprio;
		};
/* End PBXContainerItemProxy section */

/* Begin PBXFileReference section */
		01668AD272428E7E96AAD3BA /* Pods_MApprio.framework */ = {isa = PBXFileReference; explicitFileType = wrapper.framework; includeInIndex = 0; path = Pods_MApprio.framework; sourceTree = BUILT_PRODUCTS_DIR; };
		099178A6550AE09736C3C3E1 /* Pods-MApprio.debug.xcconfig */ = {isa = PBXFileReference; includeInIndex = 1; lastKnownFileType = text.xcconfig; name = "Pods-MApprio.debug.xcconfig"; path = "Pods/Target Support Files/Pods-MApprio/Pods-MApprio.debug.xcconfig"; sourceTree = "<group>"; };
		4E306452CEF9AFD30E58909A /* Pods_MApprioTests.framework */ = {isa = PBXFileReference; explicitFileType = wrapper.framework; includeInIndex = 0; path = Pods_MApprioTests.framework; sourceTree = BUILT_PRODUCTS_DIR; };
		6309FFF78AE47451FBBDC5FA /* Pods-MApprioUITests.debug.xcconfig */ = {isa = PBXFileReference; includeInIndex = 1; lastKnownFileType = text.xcconfig; name = "Pods-MApprioUITests.debug.xcconfig"; path = "Pods/Target Support Files/Pods-MApprioUITests/Pods-MApprioUITests.debug.xcconfig"; sourceTree = "<group>"; };
		7CCEC7EABB21637CF6693B91 /* Pods-MApprioUITests.release.xcconfig */ = {isa = PBXFileReference; includeInIndex = 1; lastKnownFileType = text.xcconfig; name = "Pods-MApprioUITests.release.xcconfig"; path = "Pods/Target Support Files/Pods-MApprioUITests/Pods-MApprioUITests.release.xcconfig"; sourceTree = "<group>"; };
		9EC746FF7BEB7C0C12C4FD1A /* Pods-MApprioTests.debug.xcconfig */ = {isa = PBXFileReference; includeInIndex = 1; lastKnownFileType = text.xcconfig; name = "Pods-MApprioTests.debug.xcconfig"; path = "Pods/Target Support Files/Pods-MApprioTests/Pods-MApprioTests.debug.xcconfig"; sourceTree = "<group>"; };
		AC2B92741E3A0C7900E0B5E8 /* MApprio.app */ = {isa = PBXFileReference; explicitFileType = wrapper.application; includeInIndex = 0; path = MApprio.app; sourceTree = BUILT_PRODUCTS_DIR; };
		AC2B92771E3A0C7900E0B5E8 /* AppDelegate.swift */ = {isa = PBXFileReference; lastKnownFileType = sourcecode.swift; path = AppDelegate.swift; sourceTree = "<group>"; };
		AC2B92791E3A0C7900E0B5E8 /* ViewController.swift */ = {isa = PBXFileReference; lastKnownFileType = sourcecode.swift; path = ViewController.swift; sourceTree = "<group>"; };
		AC2B927C1E3A0C7900E0B5E8 /* Base */ = {isa = PBXFileReference; lastKnownFileType = file.storyboard; name = Base; path = Base.lproj/Main.storyboard; sourceTree = "<group>"; };
		AC2B927E1E3A0C7900E0B5E8 /* Assets.xcassets */ = {isa = PBXFileReference; lastKnownFileType = folder.assetcatalog; path = Assets.xcassets; sourceTree = "<group>"; };
		AC2B92811E3A0C7900E0B5E8 /* Base */ = {isa = PBXFileReference; lastKnownFileType = file.storyboard; name = Base; path = Base.lproj/LaunchScreen.storyboard; sourceTree = "<group>"; };
		AC2B92831E3A0C7900E0B5E8 /* Info.plist */ = {isa = PBXFileReference; lastKnownFileType = text.plist.xml; path = Info.plist; sourceTree = "<group>"; };
		AC2B92881E3A0C7900E0B5E8 /* MApprioTests.xctest */ = {isa = PBXFileReference; explicitFileType = wrapper.cfbundle; includeInIndex = 0; path = MApprioTests.xctest; sourceTree = BUILT_PRODUCTS_DIR; };
		AC2B928C1E3A0C7900E0B5E8 /* MApprioTests.swift */ = {isa = PBXFileReference; lastKnownFileType = sourcecode.swift; path = MApprioTests.swift; sourceTree = "<group>"; };
		AC2B928E1E3A0C7900E0B5E8 /* Info.plist */ = {isa = PBXFileReference; lastKnownFileType = text.plist.xml; path = Info.plist; sourceTree = "<group>"; };
		AC2B92931E3A0C7900E0B5E8 /* MApprioUITests.xctest */ = {isa = PBXFileReference; explicitFileType = wrapper.cfbundle; includeInIndex = 0; path = MApprioUITests.xctest; sourceTree = BUILT_PRODUCTS_DIR; };
		AC2B92971E3A0C7900E0B5E8 /* MApprioUITests.swift */ = {isa = PBXFileReference; lastKnownFileType = sourcecode.swift; path = MApprioUITests.swift; sourceTree = "<group>"; };
		AC2B92991E3A0C7900E0B5E8 /* Info.plist */ = {isa = PBXFileReference; lastKnownFileType = text.plist.xml; path = Info.plist; sourceTree = "<group>"; };
		C8A3480FE0FB47D2531B0565 /* Pods-MApprio.release.xcconfig */ = {isa = PBXFileReference; includeInIndex = 1; lastKnownFileType = text.xcconfig; name = "Pods-MApprio.release.xcconfig"; path = "Pods/Target Support Files/Pods-MApprio/Pods-MApprio.release.xcconfig"; sourceTree = "<group>"; };
		D15FCD70204032E84B19420C /* Pods-MApprioTests.release.xcconfig */ = {isa = PBXFileReference; includeInIndex = 1; lastKnownFileType = text.xcconfig; name = "Pods-MApprioTests.release.xcconfig"; path = "Pods/Target Support Files/Pods-MApprioTests/Pods-MApprioTests.release.xcconfig"; sourceTree = "<group>"; };
		F393F27FCCF9C4D760539ABC /* Pods_MApprioUITests.framework */ = {isa = PBXFileReference; explicitFileType = wrapper.framework; includeInIndex = 0; path = Pods_MApprioUITests.framework; sourceTree = BUILT_PRODUCTS_DIR; };
/* End PBXFileReference section */

/* Begin PBXFrameworksBuildPhase section */
		AC2B92711E3A0C7900E0B5E8 /* Frameworks */ = {
			isa = PBXFrameworksBuildPhase;
			buildActionMask = 2147483647;
			files = (
				368481174653F0C36F96465F /* Pods_MApprio.framework in Frameworks */,
			);
			runOnlyForDeploymentPostprocessing = 0;
		};
		AC2B92851E3A0C7900E0B5E8 /* Frameworks */ = {
			isa = PBXFrameworksBuildPhase;
			buildActionMask = 2147483647;
			files = (
				507F305082325596813C74DF /* Pods_MApprioTests.framework in Frameworks */,
			);
			runOnlyForDeploymentPostprocessing = 0;
		};
		AC2B92901E3A0C7900E0B5E8 /* Frameworks */ = {
			isa = PBXFrameworksBuildPhase;
			buildActionMask = 2147483647;
			files = (
				8F04F39E61F07FBE8444D18A /* Pods_MApprioUITests.framework in Frameworks */,
			);
			runOnlyForDeploymentPostprocessing = 0;
		};
/* End PBXFrameworksBuildPhase section */

/* Begin PBXGroup section */
		22913653BB46E0283822844C /* Pods */ = {
			isa = PBXGroup;
			children = (
				099178A6550AE09736C3C3E1 /* Pods-MApprio.debug.xcconfig */,
				C8A3480FE0FB47D2531B0565 /* Pods-MApprio.release.xcconfig */,
				9EC746FF7BEB7C0C12C4FD1A /* Pods-MApprioTests.debug.xcconfig */,
				D15FCD70204032E84B19420C /* Pods-MApprioTests.release.xcconfig */,
				6309FFF78AE47451FBBDC5FA /* Pods-MApprioUITests.debug.xcconfig */,
				7CCEC7EABB21637CF6693B91 /* Pods-MApprioUITests.release.xcconfig */,
			);
			name = Pods;
			sourceTree = "<group>";
		};
		3E96C0E50F5E0D237330F6DF /* Frameworks */ = {
			isa = PBXGroup;
			children = (
				01668AD272428E7E96AAD3BA /* Pods_MApprio.framework */,
				4E306452CEF9AFD30E58909A /* Pods_MApprioTests.framework */,
				F393F27FCCF9C4D760539ABC /* Pods_MApprioUITests.framework */,
			);
			name = Frameworks;
			sourceTree = "<group>";
		};
		AC2B926B1E3A0C7900E0B5E8 = {
			isa = PBXGroup;
			children = (
				AC2B92761E3A0C7900E0B5E8 /* MApprio */,
				AC2B928B1E3A0C7900E0B5E8 /* MApprioTests */,
				AC2B92961E3A0C7900E0B5E8 /* MApprioUITests */,
				AC2B92751E3A0C7900E0B5E8 /* Products */,
				22913653BB46E0283822844C /* Pods */,
				3E96C0E50F5E0D237330F6DF /* Frameworks */,
			);
			sourceTree = "<group>";
		};
		AC2B92751E3A0C7900E0B5E8 /* Products */ = {
			isa = PBXGroup;
			children = (
				AC2B92741E3A0C7900E0B5E8 /* MApprio.app */,
				AC2B92881E3A0C7900E0B5E8 /* MApprioTests.xctest */,
				AC2B92931E3A0C7900E0B5E8 /* MApprioUITests.xctest */,
			);
			name = Products;
			sourceTree = "<group>";
		};
		AC2B92761E3A0C7900E0B5E8 /* MApprio */ = {
			isa = PBXGroup;
			children = (
				AC2B92771E3A0C7900E0B5E8 /* AppDelegate.swift */,
				AC2B92791E3A0C7900E0B5E8 /* ViewController.swift */,
				AC2B927B1E3A0C7900E0B5E8 /* Main.storyboard */,
				AC2B927E1E3A0C7900E0B5E8 /* Assets.xcassets */,
				AC2B92801E3A0C7900E0B5E8 /* LaunchScreen.storyboard */,
				AC2B92831E3A0C7900E0B5E8 /* Info.plist */,
			);
			path = MApprio;
			sourceTree = "<group>";
		};
		AC2B928B1E3A0C7900E0B5E8 /* MApprioTests */ = {
			isa = PBXGroup;
			children = (
				AC2B928C1E3A0C7900E0B5E8 /* MApprioTests.swift */,
				AC2B928E1E3A0C7900E0B5E8 /* Info.plist */,
			);
			path = MApprioTests;
			sourceTree = "<group>";
		};
		AC2B92961E3A0C7900E0B5E8 /* MApprioUITests */ = {
			isa = PBXGroup;
			children = (
				AC2B92971E3A0C7900E0B5E8 /* MApprioUITests.swift */,
				AC2B92991E3A0C7900E0B5E8 /* Info.plist */,
			);
			path = MApprioUITests;
			sourceTree = "<group>";
		};
/* End PBXGroup section */

/* Begin PBXNativeTarget section */
		AC2B92731E3A0C7900E0B5E8 /* MApprio */ = {
			isa = PBXNativeTarget;
			buildConfigurationList = AC2B929C1E3A0C7900E0B5E8 /* Build configuration list for PBXNativeTarget "MApprio" */;
			buildPhases = (
				A9AFAFCD56EB6726F6D345EB /* [CP] Check Pods Manifest.lock */,
				AC2B92701E3A0C7900E0B5E8 /* Sources */,
				AC2B92711E3A0C7900E0B5E8 /* Frameworks */,
				AC2B92721E3A0C7900E0B5E8 /* Resources */,
				8FA39669D0AA1493DAB8C003 /* [CP] Embed Pods Frameworks */,
				CB943CA529BD20678B9AAC74 /* [CP] Copy Pods Resources */,
			);
			buildRules = (
			);
			dependencies = (
			);
			name = MApprio;
			productName = MApprio;
			productReference = AC2B92741E3A0C7900E0B5E8 /* MApprio.app */;
			productType = "com.apple.product-type.application";
		};
		AC2B92871E3A0C7900E0B5E8 /* MApprioTests */ = {
			isa = PBXNativeTarget;
			buildConfigurationList = AC2B929F1E3A0C7900E0B5E8 /* Build configuration list for PBXNativeTarget "MApprioTests" */;
			buildPhases = (
				476420FFE0F6683FDDF6793A /* [CP] Check Pods Manifest.lock */,
				AC2B92841E3A0C7900E0B5E8 /* Sources */,
				AC2B92851E3A0C7900E0B5E8 /* Frameworks */,
				AC2B92861E3A0C7900E0B5E8 /* Resources */,
				31C5F97B8452085640D18C3B /* [CP] Embed Pods Frameworks */,
				133CDF26F254833916DE8F20 /* [CP] Copy Pods Resources */,
			);
			buildRules = (
			);
			dependencies = (
				AC2B928A1E3A0C7900E0B5E8 /* PBXTargetDependency */,
			);
			name = MApprioTests;
			productName = MApprioTests;
			productReference = AC2B92881E3A0C7900E0B5E8 /* MApprioTests.xctest */;
			productType = "com.apple.product-type.bundle.unit-test";
		};
		AC2B92921E3A0C7900E0B5E8 /* MApprioUITests */ = {
			isa = PBXNativeTarget;
			buildConfigurationList = AC2B92A21E3A0C7900E0B5E8 /* Build configuration list for PBXNativeTarget "MApprioUITests" */;
			buildPhases = (
				0FA6FBF01AE273EE7C7C246D /* [CP] Check Pods Manifest.lock */,
				AC2B928F1E3A0C7900E0B5E8 /* Sources */,
				AC2B92901E3A0C7900E0B5E8 /* Frameworks */,
				AC2B92911E3A0C7900E0B5E8 /* Resources */,
				7EC0280E5EFCF78F7B1E2808 /* [CP] Embed Pods Frameworks */,
				031C7A588AF4286089643917 /* [CP] Copy Pods Resources */,
			);
			buildRules = (
			);
			dependencies = (
				AC2B92951E3A0C7900E0B5E8 /* PBXTargetDependency */,
			);
			name = MApprioUITests;
			productName = MApprioUITests;
			productReference = AC2B92931E3A0C7900E0B5E8 /* MApprioUITests.xctest */;
			productType = "com.apple.product-type.bundle.ui-testing";
		};
/* End PBXNativeTarget section */

/* Begin PBXProject section */
		AC2B926C1E3A0C7900E0B5E8 /* Project object */ = {
			isa = PBXProject;
			attributes = {
				LastSwiftUpdateCheck = 0820;
				LastUpgradeCheck = 0820;
				ORGANIZATIONNAME = Bersusco;
				TargetAttributes = {
					AC2B92731E3A0C7900E0B5E8 = {
						CreatedOnToolsVersion = 8.2.1;
						DevelopmentTeam = 2PZF359748;
						ProvisioningStyle = Manual;
					};
					AC2B92871E3A0C7900E0B5E8 = {
						CreatedOnToolsVersion = 8.2.1;
						DevelopmentTeam = 2PZF359748;
						ProvisioningStyle = Automatic;
						TestTargetID = AC2B92731E3A0C7900E0B5E8;
					};
					AC2B92921E3A0C7900E0B5E8 = {
						CreatedOnToolsVersion = 8.2.1;
						DevelopmentTeam = 2PZF359748;
						ProvisioningStyle = Automatic;
						TestTargetID = AC2B92731E3A0C7900E0B5E8;
					};
				};
			};
			buildConfigurationList = AC2B926F1E3A0C7900E0B5E8 /* Build configuration list for PBXProject "MApprio" */;
			compatibilityVersion = "Xcode 3.2";
			developmentRegion = English;
			hasScannedForEncodings = 0;
			knownRegions = (
				en,
				Base,
			);
			mainGroup = AC2B926B1E3A0C7900E0B5E8;
			productRefGroup = AC2B92751E3A0C7900E0B5E8 /* Products */;
			projectDirPath = "";
			projectRoot = "";
			targets = (
				AC2B92731E3A0C7900E0B5E8 /* MApprio */,
				AC2B92871E3A0C7900E0B5E8 /* MApprioTests */,
				AC2B92921E3A0C7900E0B5E8 /* MApprioUITests */,
			);
		};
/* End PBXProject section */

/* Begin PBXResourcesBuildPhase section */
		AC2B92721E3A0C7900E0B5E8 /* Resources */ = {
			isa = PBXResourcesBuildPhase;
			buildActionMask = 2147483647;
			files = (
				AC2B92821E3A0C7900E0B5E8 /* LaunchScreen.storyboard in Resources */,
				AC2B927F1E3A0C7900E0B5E8 /* Assets.xcassets in Resources */,
				AC2B927D1E3A0C7900E0B5E8 /* Main.storyboard in Resources */,
			);
			runOnlyForDeploymentPostprocessing = 0;
		};
		AC2B92861E3A0C7900E0B5E8 /* Resources */ = {
			isa = PBXResourcesBuildPhase;
			buildActionMask = 2147483647;
			files = (
			);
			runOnlyForDeploymentPostprocessing = 0;
		};
		AC2B92911E3A0C7900E0B5E8 /* Resources */ = {
			isa = PBXResourcesBuildPhase;
			buildActionMask = 2147483647;
			files = (
			);
			runOnlyForDeploymentPostprocessing = 0;
		};
/* End PBXResourcesBuildPhase section */

/* Begin PBXShellScriptBuildPhase section */
		031C7A588AF4286089643917 /* [CP] Copy Pods Resources */ = {
			isa = PBXShellScriptBuildPhase;
			buildActionMask = 2147483647;
			files = (
			);
			inputPaths = (
			);
			name = "[CP] Copy Pods Resources";
			outputPaths = (
			);
			runOnlyForDeploymentPostprocessing = 0;
			shellPath = /bin/sh;
			shellScript = "\"${SRCROOT}/Pods/Target Support Files/Pods-MApprioUITests/Pods-MApprioUITests-resources.sh\"\n";
			showEnvVarsInLog = 0;
		};
		0FA6FBF01AE273EE7C7C246D /* [CP] Check Pods Manifest.lock */ = {
			isa = PBXShellScriptBuildPhase;
			buildActionMask = 2147483647;
			files = (
			);
			inputPaths = (
			);
			name = "[CP] Check Pods Manifest.lock";
			outputPaths = (
			);
			runOnlyForDeploymentPostprocessing = 0;
			shellPath = /bin/sh;
			shellScript = "diff \"${PODS_ROOT}/../Podfile.lock\" \"${PODS_ROOT}/Manifest.lock\" > /dev/null\nif [ $? != 0 ] ; then\n    # print error to STDERR\n    echo \"error: The sandbox is not in sync with the Podfile.lock. Run 'pod install' or update your CocoaPods installation.\" >&2\n    exit 1\nfi\n";
			showEnvVarsInLog = 0;
		};
		133CDF26F254833916DE8F20 /* [CP] Copy Pods Resources */ = {
			isa = PBXShellScriptBuildPhase;
			buildActionMask = 2147483647;
			files = (
			);
			inputPaths = (
			);
			name = "[CP] Copy Pods Resources";
			outputPaths = (
			);
			runOnlyForDeploymentPostprocessing = 0;
			shellPath = /bin/sh;
			shellScript = "\"${SRCROOT}/Pods/Target Support Files/Pods-MApprioTests/Pods-MApprioTests-resources.sh\"\n";
			showEnvVarsInLog = 0;
		};
		31C5F97B8452085640D18C3B /* [CP] Embed Pods Frameworks */ = {
			isa = PBXShellScriptBuildPhase;
			buildActionMask = 2147483647;
			files = (
			);
			inputPaths = (
			);
			name = "[CP] Embed Pods Frameworks";
			outputPaths = (
			);
			runOnlyForDeploymentPostprocessing = 0;
			shellPath = /bin/sh;
			shellScript = "\"${SRCROOT}/Pods/Target Support Files/Pods-MApprioTests/Pods-MApprioTests-frameworks.sh\"\n";
			showEnvVarsInLog = 0;
		};
		476420FFE0F6683FDDF6793A /* [CP] Check Pods Manifest.lock */ = {
			isa = PBXShellScriptBuildPhase;
			buildActionMask = 2147483647;
			files = (
			);
			inputPaths = (
			);
			name = "[CP] Check Pods Manifest.lock";
			outputPaths = (
			);
			runOnlyForDeploymentPostprocessing = 0;
			shellPath = /bin/sh;
			shellScript = "diff \"${PODS_ROOT}/../Podfile.lock\" \"${PODS_ROOT}/Manifest.lock\" > /dev/null\nif [ $? != 0 ] ; then\n    # print error to STDERR\n    echo \"error: The sandbox is not in sync with the Podfile.lock. Run 'pod install' or update your CocoaPods installation.\" >&2\n    exit 1\nfi\n";
			showEnvVarsInLog = 0;
		};
		7EC0280E5EFCF78F7B1E2808 /* [CP] Embed Pods Frameworks */ = {
			isa = PBXShellScriptBuildPhase;
			buildActionMask = 2147483647;
			files = (
			);
			inputPaths = (
			);
			name = "[CP] Embed Pods Frameworks";
			outputPaths = (
			);
			runOnlyForDeploymentPostprocessing = 0;
			shellPath = /bin/sh;
			shellScript = "\"${SRCROOT}/Pods/Target Support Files/Pods-MApprioUITests/Pods-MApprioUITests-frameworks.sh\"\n";
			showEnvVarsInLog = 0;
		};
		8FA39669D0AA1493DAB8C003 /* [CP] Embed Pods Frameworks */ = {
			isa = PBXShellScriptBuildPhase;
			buildActionMask = 2147483647;
			files = (
			);
			inputPaths = (
			);
			name = "[CP] Embed Pods Frameworks";
			outputPaths = (
			);
			runOnlyForDeploymentPostprocessing = 0;
			shellPath = /bin/sh;
			shellScript = "\"${SRCROOT}/Pods/Target Support Files/Pods-MApprio/Pods-MApprio-frameworks.sh\"\n";
			showEnvVarsInLog = 0;
		};
		A9AFAFCD56EB6726F6D345EB /* [CP] Check Pods Manifest.lock */ = {
			isa = PBXShellScriptBuildPhase;
			buildActionMask = 2147483647;
			files = (
			);
			inputPaths = (
			);
			name = "[CP] Check Pods Manifest.lock";
			outputPaths = (
			);
			runOnlyForDeploymentPostprocessing = 0;
			shellPath = /bin/sh;
			shellScript = "diff \"${PODS_ROOT}/../Podfile.lock\" \"${PODS_ROOT}/Manifest.lock\" > /dev/null\nif [ $? != 0 ] ; then\n    # print error to STDERR\n    echo \"error: The sandbox is not in sync with the Podfile.lock. Run 'pod install' or update your CocoaPods installation.\" >&2\n    exit 1\nfi\n";
			showEnvVarsInLog = 0;
		};
		CB943CA529BD20678B9AAC74 /* [CP] Copy Pods Resources */ = {
			isa = PBXShellScriptBuildPhase;
			buildActionMask = 2147483647;
			files = (
			);
			inputPaths = (
			);
			name = "[CP] Copy Pods Resources";
			outputPaths = (
			);
			runOnlyForDeploymentPostprocessing = 0;
			shellPath = /bin/sh;
			shellScript = "\"${SRCROOT}/Pods/Target Support Files/Pods-MApprio/Pods-MApprio-resources.sh\"\n";
			showEnvVarsInLog = 0;
		};
/* End PBXShellScriptBuildPhase section */

/* Begin PBXSourcesBuildPhase section */
		AC2B92701E3A0C7900E0B5E8 /* Sources */ = {
			isa = PBXSourcesBuildPhase;
			buildActionMask = 2147483647;
			files = (
				AC2B927A1E3A0C7900E0B5E8 /* ViewController.swift in Sources */,
				AC2B92781E3A0C7900E0B5E8 /* AppDelegate.swift in Sources */,
			);
			runOnlyForDeploymentPostprocessing = 0;
		};
		AC2B92841E3A0C7900E0B5E8 /* Sources */ = {
			isa = PBXSourcesBuildPhase;
			buildActionMask = 2147483647;
			files = (
				AC2B928D1E3A0C7900E0B5E8 /* MApprioTests.swift in Sources */,
			);
			runOnlyForDeploymentPostprocessing = 0;
		};
		AC2B928F1E3A0C7900E0B5E8 /* Sources */ = {
			isa = PBXSourcesBuildPhase;
			buildActionMask = 2147483647;
			files = (
				AC2B92981E3A0C7900E0B5E8 /* MApprioUITests.swift in Sources */,
			);
			runOnlyForDeploymentPostprocessing = 0;
		};
/* End PBXSourcesBuildPhase section */

/* Begin PBXTargetDependency section */
		AC2B928A1E3A0C7900E0B5E8 /* PBXTargetDependency */ = {
			isa = PBXTargetDependency;
			target = AC2B92731E3A0C7900E0B5E8 /* MApprio */;
			targetProxy = AC2B92891E3A0C7900E0B5E8 /* PBXContainerItemProxy */;
		};
		AC2B92951E3A0C7900E0B5E8 /* PBXTargetDependency */ = {
			isa = PBXTargetDependency;
			target = AC2B92731E3A0C7900E0B5E8 /* MApprio */;
			targetProxy = AC2B92941E3A0C7900E0B5E8 /* PBXContainerItemProxy */;
		};
/* End PBXTargetDependency section */

/* Begin PBXVariantGroup section */
		AC2B927B1E3A0C7900E0B5E8 /* Main.storyboard */ = {
			isa = PBXVariantGroup;
			children = (
				AC2B927C1E3A0C7900E0B5E8 /* Base */,
			);
			name = Main.storyboard;
			sourceTree = "<group>";
		};
		AC2B92801E3A0C7900E0B5E8 /* LaunchScreen.storyboard */ = {
			isa = PBXVariantGroup;
			children = (
				AC2B92811E3A0C7900E0B5E8 /* Base */,
			);
			name = LaunchScreen.storyboard;
			sourceTree = "<group>";
		};
/* End PBXVariantGroup section */

/* Begin XCBuildConfiguration section */
		AC2B929A1E3A0C7900E0B5E8 /* Debug */ = {
			isa = XCBuildConfiguration;
			buildSettings = {
				ALWAYS_SEARCH_USER_PATHS = NO;
				CLANG_ANALYZER_NONNULL = YES;
				CLANG_CXX_LANGUAGE_STANDARD = "gnu++0x";
				CLANG_CXX_LIBRARY = "libc++";
				CLANG_ENABLE_MODULES = YES;
				CLANG_ENABLE_OBJC_ARC = YES;
				CLANG_WARN_BOOL_CONVERSION = YES;
				CLANG_WARN_CONSTANT_CONVERSION = YES;
				CLANG_WARN_DIRECT_OBJC_ISA_USAGE = YES_ERROR;
				CLANG_WARN_DOCUMENTATION_COMMENTS = YES;
				CLANG_WARN_EMPTY_BODY = YES;
				CLANG_WARN_ENUM_CONVERSION = YES;
				CLANG_WARN_INFINITE_RECURSION = YES;
				CLANG_WARN_INT_CONVERSION = YES;
				CLANG_WARN_OBJC_ROOT_CLASS = YES_ERROR;
				CLANG_WARN_SUSPICIOUS_MOVE = YES;
				CLANG_WARN_UNREACHABLE_CODE = YES;
				CLANG_WARN__DUPLICATE_METHOD_MATCH = YES;
				"CODE_SIGN_IDENTITY[sdk=iphoneos*]" = "iPhone Developer";
				COPY_PHASE_STRIP = NO;
				DEBUG_INFORMATION_FORMAT = dwarf;
				ENABLE_STRICT_OBJC_MSGSEND = YES;
				ENABLE_TESTABILITY = YES;
				GCC_C_LANGUAGE_STANDARD = gnu99;
				GCC_DYNAMIC_NO_PIC = NO;
				GCC_NO_COMMON_BLOCKS = YES;
				GCC_OPTIMIZATION_LEVEL = 0;
				GCC_PREPROCESSOR_DEFINITIONS = (
					"DEBUG=1",
					"$(inherited)",
				);
				GCC_WARN_64_TO_32_BIT_CONVERSION = YES;
				GCC_WARN_ABOUT_RETURN_TYPE = YES_ERROR;
				GCC_WARN_UNDECLARED_SELECTOR = YES;
				GCC_WARN_UNINITIALIZED_AUTOS = YES_AGGRESSIVE;
				GCC_WARN_UNUSED_FUNCTION = YES;
				GCC_WARN_UNUSED_VARIABLE = YES;
				IPHONEOS_DEPLOYMENT_TARGET = 10.2;
				MTL_ENABLE_DEBUG_INFO = YES;
				ONLY_ACTIVE_ARCH = YES;
				SDKROOT = iphoneos;
				SWIFT_ACTIVE_COMPILATION_CONDITIONS = DEBUG;
				SWIFT_OPTIMIZATION_LEVEL = "-Onone";
				TARGETED_DEVICE_FAMILY = "1,2";
			};
			name = Debug;
		};
		AC2B929B1E3A0C7900E0B5E8 /* Release */ = {
			isa = XCBuildConfiguration;
			buildSettings = {
				ALWAYS_SEARCH_USER_PATHS = NO;
				CLANG_ANALYZER_NONNULL = YES;
				CLANG_CXX_LANGUAGE_STANDARD = "gnu++0x";
				CLANG_CXX_LIBRARY = "libc++";
				CLANG_ENABLE_MODULES = YES;
				CLANG_ENABLE_OBJC_ARC = YES;
				CLANG_WARN_BOOL_CONVERSION = YES;
				CLANG_WARN_CONSTANT_CONVERSION = YES;
				CLANG_WARN_DIRECT_OBJC_ISA_USAGE = YES_ERROR;
				CLANG_WARN_DOCUMENTATION_COMMENTS = YES;
				CLANG_WARN_EMPTY_BODY = YES;
				CLANG_WARN_ENUM_CONVERSION = YES;
				CLANG_WARN_INFINITE_RECURSION = YES;
				CLANG_WARN_INT_CONVERSION = YES;
				CLANG_WARN_OBJC_ROOT_CLASS = YES_ERROR;
				CLANG_WARN_SUSPICIOUS_MOVE = YES;
				CLANG_WARN_UNREACHABLE_CODE = YES;
				CLANG_WARN__DUPLICATE_METHOD_MATCH = YES;
				"CODE_SIGN_IDENTITY[sdk=iphoneos*]" = "iPhone Developer";
				COPY_PHASE_STRIP = NO;
				DEBUG_INFORMATION_FORMAT = "dwarf-with-dsym";
				ENABLE_NS_ASSERTIONS = NO;
				ENABLE_STRICT_OBJC_MSGSEND = YES;
				GCC_C_LANGUAGE_STANDARD = gnu99;
				GCC_NO_COMMON_BLOCKS = YES;
				GCC_WARN_64_TO_32_BIT_CONVERSION = YES;
				GCC_WARN_ABOUT_RETURN_TYPE = YES_ERROR;
				GCC_WARN_UNDECLARED_SELECTOR = YES;
				GCC_WARN_UNINITIALIZED_AUTOS = YES_AGGRESSIVE;
				GCC_WARN_UNUSED_FUNCTION = YES;
				GCC_WARN_UNUSED_VARIABLE = YES;
				IPHONEOS_DEPLOYMENT_TARGET = 10.2;
				MTL_ENABLE_DEBUG_INFO = NO;
				SDKROOT = iphoneos;
				SWIFT_OPTIMIZATION_LEVEL = "-Owholemodule";
				TARGETED_DEVICE_FAMILY = "1,2";
				VALIDATE_PRODUCT = YES;
			};
			name = Release;
		};
		AC2B929D1E3A0C7900E0B5E8 /* Debug */ = {
			isa = XCBuildConfiguration;
			baseConfigurationReference = 099178A6550AE09736C3C3E1 /* Pods-MApprio.debug.xcconfig */;
			buildSettings = {
				ASSETCATALOG_COMPILER_APPICON_NAME = AppIcon;
				DEVELOPMENT_TEAM = 2PZF359748;
				INFOPLIST_FILE = MApprio/Info.plist;
				LD_RUNPATH_SEARCH_PATHS = "$(inherited) @executable_path/Frameworks";
				PRODUCT_BUNDLE_IDENTIFIER = es.bersusco.MApprio;
				PRODUCT_NAME = "$(TARGET_NAME)";
				PROVISIONING_PROFILE = "831d2913-5a11-428a-8c85-24b847ebc713";
				PROVISIONING_PROFILE_SPECIFIER = "match Development es.bersusco.MApprio";
				SWIFT_VERSION = 3.0;
			};
			name = Debug;
		};
		AC2B929E1E3A0C7900E0B5E8 /* Release */ = {
			isa = XCBuildConfiguration;
			baseConfigurationReference = C8A3480FE0FB47D2531B0565 /* Pods-MApprio.release.xcconfig */;
			buildSettings = {
				ASSETCATALOG_COMPILER_APPICON_NAME = AppIcon;
				DEVELOPMENT_TEAM = 2PZF359748;
				INFOPLIST_FILE = MApprio/Info.plist;
				LD_RUNPATH_SEARCH_PATHS = "$(inherited) @executable_path/Frameworks";
				PRODUCT_BUNDLE_IDENTIFIER = es.bersusco.MApprio;
				PRODUCT_NAME = "$(TARGET_NAME)";
				PROVISIONING_PROFILE = "831d2913-5a11-428a-8c85-24b847ebc713";
				PROVISIONING_PROFILE_SPECIFIER = "match Development es.bersusco.MApprio";
				SWIFT_VERSION = 3.0;
			};
			name = Release;
		};
		AC2B92A01E3A0C7900E0B5E8 /* Debug */ = {
			isa = XCBuildConfiguration;
			baseConfigurationReference = 9EC746FF7BEB7C0C12C4FD1A /* Pods-MApprioTests.debug.xcconfig */;
			buildSettings = {
				ALWAYS_EMBED_SWIFT_STANDARD_LIBRARIES = YES;
				BUNDLE_LOADER = "$(TEST_HOST)";
				DEVELOPMENT_TEAM = 2PZF359748;
				INFOPLIST_FILE = MApprioTests/Info.plist;
				LD_RUNPATH_SEARCH_PATHS = "$(inherited) @executable_path/Frameworks @loader_path/Frameworks";
				PRODUCT_BUNDLE_IDENTIFIER = es.bersusco.MApprioTests;
				PRODUCT_NAME = "$(TARGET_NAME)";
				SWIFT_VERSION = 3.0;
				TEST_HOST = "$(BUILT_PRODUCTS_DIR)/MApprio.app/MApprio";
			};
			name = Debug;
		};
		AC2B92A11E3A0C7900E0B5E8 /* Release */ = {
			isa = XCBuildConfiguration;
			baseConfigurationReference = D15FCD70204032E84B19420C /* Pods-MApprioTests.release.xcconfig */;
			buildSettings = {
				ALWAYS_EMBED_SWIFT_STANDARD_LIBRARIES = YES;
				BUNDLE_LOADER = "$(TEST_HOST)";
				DEVELOPMENT_TEAM = 2PZF359748;
				INFOPLIST_FILE = MApprioTests/Info.plist;
				LD_RUNPATH_SEARCH_PATHS = "$(inherited) @executable_path/Frameworks @loader_path/Frameworks";
				PRODUCT_BUNDLE_IDENTIFIER = es.bersusco.MApprioTests;
				PRODUCT_NAME = "$(TARGET_NAME)";
				SWIFT_VERSION = 3.0;
				TEST_HOST = "$(BUILT_PRODUCTS_DIR)/MApprio.app/MApprio";
			};
			name = Release;
		};
		AC2B92A31E3A0C7900E0B5E8 /* Debug */ = {
			isa = XCBuildConfiguration;
			baseConfigurationReference = 6309FFF78AE47451FBBDC5FA /* Pods-MApprioUITests.debug.xcconfig */;
			buildSettings = {
				ALWAYS_EMBED_SWIFT_STANDARD_LIBRARIES = YES;
				DEVELOPMENT_TEAM = 2PZF359748;
				INFOPLIST_FILE = MApprioUITests/Info.plist;
				LD_RUNPATH_SEARCH_PATHS = "$(inherited) @executable_path/Frameworks @loader_path/Frameworks";
				PRODUCT_BUNDLE_IDENTIFIER = es.bersusco.MApprioUITests;
				PRODUCT_NAME = "$(TARGET_NAME)";
				SWIFT_VERSION = 3.0;
				TEST_TARGET_NAME = MApprio;
			};
			name = Debug;
		};
		AC2B92A41E3A0C7900E0B5E8 /* Release */ = {
			isa = XCBuildConfiguration;
			baseConfigurationReference = 7CCEC7EABB21637CF6693B91 /* Pods-MApprioUITests.release.xcconfig */;
			buildSettings = {
				ALWAYS_EMBED_SWIFT_STANDARD_LIBRARIES = YES;
				DEVELOPMENT_TEAM = 2PZF359748;
				INFOPLIST_FILE = MApprioUITests/Info.plist;
				LD_RUNPATH_SEARCH_PATHS = "$(inherited) @executable_path/Frameworks @loader_path/Frameworks";
				PRODUCT_BUNDLE_IDENTIFIER = es.bersusco.MApprioUITests;
				PRODUCT_NAME = "$(TARGET_NAME)";
				SWIFT_VERSION = 3.0;
				TEST_TARGET_NAME = MApprio;
			};
			name = Release;
		};
/* End XCBuildConfiguration section */

/* Begin XCConfigurationList section */
		AC2B926F1E3A0C7900E0B5E8 /* Build configuration list for PBXProject "MApprio" */ = {
			isa = XCConfigurationList;
			buildConfigurations = (
				AC2B929A1E3A0C7900E0B5E8 /* Debug */,
				AC2B929B1E3A0C7900E0B5E8 /* Release */,
			);
			defaultConfigurationIsVisible = 0;
			defaultConfigurationName = Release;
		};
		AC2B929C1E3A0C7900E0B5E8 /* Build configuration list for PBXNativeTarget "MApprio" */ = {
			isa = XCConfigurationList;
			buildConfigurations = (
				AC2B929D1E3A0C7900E0B5E8 /* Debug */,
				AC2B929E1E3A0C7900E0B5E8 /* Release */,
			);
			defaultConfigurationIsVisible = 0;
			defaultConfigurationName = Release;
		};
		AC2B929F1E3A0C7900E0B5E8 /* Build configuration list for PBXNativeTarget "MApprioTests" */ = {
			isa = XCConfigurationList;
			buildConfigurations = (
				AC2B92A01E3A0C7900E0B5E8 /* Debug */,
				AC2B92A11E3A0C7900E0B5E8 /* Release */,
			);
			defaultConfigurationIsVisible = 0;
			defaultConfigurationName = Release;
		};
		AC2B92A21E3A0C7900E0B5E8 /* Build configuration list for PBXNativeTarget "MApprioUITests" */ = {
			isa = XCConfigurationList;
			buildConfigurations = (
				AC2B92A31E3A0C7900E0B5E8 /* Debug */,
				AC2B92A41E3A0C7900E0B5E8 /* Release */,
			);
			defaultConfigurationIsVisible = 0;
			defaultConfigurationName = Release;
		};
/* End XCConfigurationList section */
	};
	rootObject = AC2B926C1E3A0C7900E0B5E8 /* Project object */;
}
